
Microsoft Visual Studio Solution File, Format Version 12.00
# Visual Studio 15
VisualStudioVersion = 15.0.28307.779
MinimumVisualStudioVersion = 10.0.40219.1
Project("{FAE04EC0-301F-11D3-BF4B-00C04F79EFBC}") = "M1-05InClass", "M1-05InClass\M1-05InClass.csproj", "{A61C004A-CF02-47E2-A305-17AEEBBC25D0}"
EndProject
Project("{FAE04EC0-301F-11D3-BF4B-00C04F79EFBC}") = "PetInfo", "PetInfo\PetInfo.csproj", "{22B4E8AD-9D73-495C-970D-29DACB4B5F6B}"
EndProject
Global
	GlobalSection(SolutionConfigurationPlatforms) = preSolution
		Debug|Any CPU = Debug|Any CPU
		Release|Any CPU = Release|Any CPU
	EndGlobalSection
	GlobalSection(ProjectConfigurationPlatforms) = postSolution
		{A61C004A-CF02-47E2-A305-17AEEBBC25D0}.Debug|Any CPU.ActiveCfg = Debug|Any CPU
		{A61C004A-CF02-47E2-A305-17AEEBBC25D0}.Debug|Any CPU.Build.0 = Debug|Any CPU
		{A61C004A-CF02-47E2-A305-17AEEBBC25D0}.Release|Any CPU.ActiveCfg = Release|Any CPU
		{A61C004A-CF02-47E2-A305-17AEEBBC25D0}.Release|Any CPU.Build.0 = Release|Any CPU
		{22B4E8AD-9D73-495C-970D-29DACB4B5F6B}.Debug|Any CPU.ActiveCfg = Debug|Any CPU
		{22B4E8AD-9D73-495C-970D-29DACB4B5F6B}.Debug|Any CPU.Build.0 = Debug|Any CPU
		{22B4E8AD-9D73-495C-970D-29DACB4B5F6B}.Release|Any CPU.ActiveCfg = Release|Any CPU
		{22B4E8AD-9D73-495C-970D-29DACB4B5F6B}.Release|Any CPU.Build.0 = Release|Any CPU
	EndGlobalSection
	GlobalSection(SolutionProperties) = preSolution
		HideSolutionNode = FALSE
	EndGlobalSection
	GlobalSection(ExtensibilityGlobals) = postSolution
		SolutionGuid = {085EE5C4-CCC3-40A3-902E-092CDE104F8A}
	EndGlobalSection
EndGlobal
