
Microsoft Visual Studio Solution File, Format Version 12.00
# Visual Studio 15
VisualStudioVersion = 15.0.28307.779
MinimumVisualStudioVersion = 10.0.40219.1
Project("{9A19103F-16F7-4668-BE54-9A1E7A4F7556}") = "CateringDataExample", "CateringDataExample\CateringDataExample.csproj", "{3291A5AC-B41E-4026-BC9F-5642C573924B}"
EndProject
Project("{FAE04EC0-301F-11D3-BF4B-00C04F79EFBC}") = "CateringDataTest", "CateringDataTest\CateringDataTest.csproj", "{CB9542CF-CB97-4ABF-B353-05A6A99AD2C4}"
EndProject
Global
	GlobalSection(SolutionConfigurationPlatforms) = preSolution
		Debug|Any CPU = Debug|Any CPU
		Release|Any CPU = Release|Any CPU
	EndGlobalSection
	GlobalSection(ProjectConfigurationPlatforms) = postSolution
		{3291A5AC-B41E-4026-BC9F-5642C573924B}.Debug|Any CPU.ActiveCfg = Debug|Any CPU
		{3291A5AC-B41E-4026-BC9F-5642C573924B}.Debug|Any CPU.Build.0 = Debug|Any CPU
		{3291A5AC-B41E-4026-BC9F-5642C573924B}.Release|Any CPU.ActiveCfg = Release|Any CPU
		{3291A5AC-B41E-4026-BC9F-5642C573924B}.Release|Any CPU.Build.0 = Release|Any CPU
		{CB9542CF-CB97-4ABF-B353-05A6A99AD2C4}.Debug|Any CPU.ActiveCfg = Debug|Any CPU
		{CB9542CF-CB97-4ABF-B353-05A6A99AD2C4}.Debug|Any CPU.Build.0 = Debug|Any CPU
		{CB9542CF-CB97-4ABF-B353-05A6A99AD2C4}.Release|Any CPU.ActiveCfg = Release|Any CPU
		{CB9542CF-CB97-4ABF-B353-05A6A99AD2C4}.Release|Any CPU.Build.0 = Release|Any CPU
	EndGlobalSection
	GlobalSection(SolutionProperties) = preSolution
		HideSolutionNode = FALSE
	EndGlobalSection
	GlobalSection(ExtensibilityGlobals) = postSolution
		SolutionGuid = {A20DC092-9C8D-4ADE-978F-F0AA624671DE}
	EndGlobalSection
EndGlobal
